
Microsoft Visual Studio Solution File, Format Version 12.00
# Visual Studio Version 16
VisualStudioVersion = 16.0.30011.22
MinimumVisualStudioVersion = 10.0.40219.1
Project("{FAE04EC0-301F-11D3-BF4B-00C04F79EFBC}") = "Control", "Control\Control.csproj", "{F00ACF3D-D046-4816-81B9-E29273DDF9DE}"
EndProject
Global
	GlobalSection(SolutionConfigurationPlatforms) = preSolution
		Debug|Any CPU = Debug|Any CPU
		Release|Any CPU = Release|Any CPU
	EndGlobalSection
	GlobalSection(ProjectConfigurationPlatforms) = postSolution
		{F00ACF3D-D046-4816-81B9-E29273DDF9DE}.Debug|Any CPU.ActiveCfg = Debug|Any CPU
		{F00ACF3D-D046-4816-81B9-E29273DDF9DE}.Debug|Any CPU.Build.0 = Debug|Any CPU
		{F00ACF3D-D046-4816-81B9-E29273DDF9DE}.Release|Any CPU.ActiveCfg = Release|Any CPU
		{F00ACF3D-D046-4816-81B9-E29273DDF9DE}.Release|Any CPU.Build.0 = Release|Any CPU
	EndGlobalSection
	GlobalSection(SolutionProperties) = preSolution
		HideSolutionNode = FALSE
	EndGlobalSection
	GlobalSection(ExtensibilityGlobals) = postSolution
		SolutionGuid = {E006F308-5864-4959-949F-9B84773317D0}
	EndGlobalSection
EndGlobal
